
Microsoft Visual Studio Solution File, Format Version 12.00
# Visual Studio Version 16
VisualStudioVersion = 16.0.29806.167
MinimumVisualStudioVersion = 10.0.40219.1
Project("{FAE04EC0-301F-11D3-BF4B-00C04F79EFBC}") = "Poupa.UWP", "Poupa.UWP\Poupa.UWP.csproj", "{D881A547-8248-43B0-BA73-92694766B849}"
EndProject
Project("{FAE04EC0-301F-11D3-BF4B-00C04F79EFBC}") = "Poupa.Android", "Poupa.Android\Poupa.Android.csproj", "{49752FEB-E7A7-4733-99A7-16B048C81B36}"
EndProject
Project("{FAE04EC0-301F-11D3-BF4B-00C04F79EFBC}") = "Poupa.iOS", "Poupa.iOS\Poupa.iOS.csproj", "{803A7022-A2D0-4749-96D4-728E4106878B}"
EndProject
Project("{FAE04EC0-301F-11D3-BF4B-00C04F79EFBC}") = "Poupa", "Poupa\Poupa.csproj", "{F0BA1CAC-D55B-451A-9B57-D6DE276AFF82}"
EndProject
Global
	GlobalSection(SolutionConfigurationPlatforms) = preSolution
		Debug|Any CPU = Debug|Any CPU
		Debug|ARM = Debug|ARM
		Debug|iPhone = Debug|iPhone
		Debug|iPhoneSimulator = Debug|iPhoneSimulator
		Debug|x64 = Debug|x64
		Debug|x86 = Debug|x86
		Release|Any CPU = Release|Any CPU
		Release|ARM = Release|ARM
		Release|iPhone = Release|iPhone
		Release|iPhoneSimulator = Release|iPhoneSimulator
		Release|x64 = Release|x64
		Release|x86 = Release|x86
	EndGlobalSection
	GlobalSection(ProjectConfigurationPlatforms) = postSolution
		{D881A547-8248-43B0-BA73-92694766B849}.Debug|Any CPU.ActiveCfg = Debug|x86
		{D881A547-8248-43B0-BA73-92694766B849}.Debug|Any CPU.Build.0 = Debug|x86
		{D881A547-8248-43B0-BA73-92694766B849}.Debug|Any CPU.Deploy.0 = Debug|x86
		{D881A547-8248-43B0-BA73-92694766B849}.Debug|ARM.ActiveCfg = Debug|ARM
		{D881A547-8248-43B0-BA73-92694766B849}.Debug|ARM.Build.0 = Debug|ARM
		{D881A547-8248-43B0-BA73-92694766B849}.Debug|ARM.Deploy.0 = Debug|ARM
		{D881A547-8248-43B0-BA73-92694766B849}.Debug|iPhone.ActiveCfg = Debug|x86
		{D881A547-8248-43B0-BA73-92694766B849}.Debug|iPhone.Build.0 = Debug|x86
		{D881A547-8248-43B0-BA73-92694766B849}.Debug|iPhone.Deploy.0 = Debug|x86
		{D881A547-8248-43B0-BA73-92694766B849}.Debug|iPhoneSimulator.ActiveCfg = Debug|x86
		{D881A547-8248-43B0-BA73-92694766B849}.Debug|iPhoneSimulator.Build.0 = Debug|x86
		{D881A547-8248-43B0-BA73-92694766B849}.Debug|iPhoneSimulator.Deploy.0 = Debug|x86
		{D881A547-8248-43B0-BA73-92694766B849}.Debug|x64.ActiveCfg = Debug|x64
		{D881A547-8248-43B0-BA73-92694766B849}.Debug|x64.Build.0 = Debug|x64
		{D881A547-8248-43B0-BA73-92694766B849}.Debug|x64.Deploy.0 = Debug|x64
		{D881A547-8248-43B0-BA73-92694766B849}.Debug|x86.ActiveCfg = Debug|x86
		{D881A547-8248-43B0-BA73-92694766B849}.Debug|x86.Build.0 = Debug|x86
		{D881A547-8248-43B0-BA73-92694766B849}.Debug|x86.Deploy.0 = Debug|x86
		{D881A547-8248-43B0-BA73-92694766B849}.Release|Any CPU.ActiveCfg = Release|x86
		{D881A547-8248-43B0-BA73-92694766B849}.Release|Any CPU.Build.0 = Release|x86
		{D881A547-8248-43B0-BA73-92694766B849}.Release|Any CPU.Deploy.0 = Release|x86
		{D881A547-8248-43B0-BA73-92694766B849}.Release|ARM.ActiveCfg = Release|ARM
		{D881A547-8248-43B0-BA73-92694766B849}.Release|ARM.Build.0 = Release|ARM
		{D881A547-8248-43B0-BA73-92694766B849}.Release|ARM.Deploy.0 = Release|ARM
		{D881A547-8248-43B0-BA73-92694766B849}.Release|iPhone.ActiveCfg = Release|x86
		{D881A547-8248-43B0-BA73-92694766B849}.Release|iPhone.Build.0 = Release|x86
		{D881A547-8248-43B0-BA73-92694766B849}.Release|iPhone.Deploy.0 = Release|x86
		{D881A547-8248-43B0-BA73-92694766B849}.Release|iPhoneSimulator.ActiveCfg = Release|x86
		{D881A547-8248-43B0-BA73-92694766B849}.Release|iPhoneSimulator.Build.0 = Release|x86
		{D881A547-8248-43B0-BA73-92694766B849}.Release|iPhoneSimulator.Deploy.0 = Release|x86
		{D881A547-8248-43B0-BA73-92694766B849}.Release|x64.ActiveCfg = Release|x64
		{D881A547-8248-43B0-BA73-92694766B849}.Release|x64.Build.0 = Release|x64
		{D881A547-8248-43B0-BA73-92694766B849}.Release|x64.Deploy.0 = Release|x64
		{D881A547-8248-43B0-BA73-92694766B849}.Release|x86.ActiveCfg = Release|x86
		{D881A547-8248-43B0-BA73-92694766B849}.Release|x86.Build.0 = Release|x86
		{D881A547-8248-43B0-BA73-92694766B849}.Release|x86.Deploy.0 = Release|x86
		{49752FEB-E7A7-4733-99A7-16B048C81B36}.Debug|Any CPU.ActiveCfg = Debug|Any CPU
		{49752FEB-E7A7-4733-99A7-16B048C81B36}.Debug|Any CPU.Build.0 = Debug|Any CPU
		{49752FEB-E7A7-4733-99A7-16B048C81B36}.Debug|Any CPU.Deploy.0 = Debug|Any CPU
		{49752FEB-E7A7-4733-99A7-16B048C81B36}.Debug|ARM.ActiveCfg = Debug|Any CPU
		{49752FEB-E7A7-4733-99A7-16B048C81B36}.Debug|ARM.Build.0 = Debug|Any CPU
		{49752FEB-E7A7-4733-99A7-16B048C81B36}.Debug|ARM.Deploy.0 = Debug|Any CPU
		{49752FEB-E7A7-4733-99A7-16B048C81B36}.Debug|iPhone.ActiveCfg = Debug|Any CPU
		{49752FEB-E7A7-4733-99A7-16B048C81B36}.Debug|iPhone.Build.0 = Debug|Any CPU
		{49752FEB-E7A7-4733-99A7-16B048C81B36}.Debug|iPhone.Deploy.0 = Debug|Any CPU
		{49752FEB-E7A7-4733-99A7-16B048C81B36}.Debug|iPhoneSimulator.ActiveCfg = Debug|Any CPU
		{49752FEB-E7A7-4733-99A7-16B048C81B36}.Debug|iPhoneSimulator.Build.0 = Debug|Any CPU
		{49752FEB-E7A7-4733-99A7-16B048C81B36}.Debug|iPhoneSimulator.Deploy.0 = Debug|Any CPU
		{49752FEB-E7A7-4733-99A7-16B048C81B36}.Debug|x64.ActiveCfg = Debug|Any CPU
		{49752FEB-E7A7-4733-99A7-16B048C81B36}.Debug|x64.Build.0 = Debug|Any CPU
		{49752FEB-E7A7-4733-99A7-16B048C81B36}.Debug|x64.Deploy.0 = Debug|Any CPU
		{49752FEB-E7A7-4733-99A7-16B048C81B36}.Debug|x86.ActiveCfg = Debug|Any CPU
		{49752FEB-E7A7-4733-99A7-16B048C81B36}.Debug|x86.Build.0 = Debug|Any CPU
		{49752FEB-E7A7-4733-99A7-16B048C81B36}.Debug|x86.Deploy.0 = Debug|Any CPU
		{49752FEB-E7A7-4733-99A7-16B048C81B36}.Release|Any CPU.ActiveCfg = Release|Any CPU
		{49752FEB-E7A7-4733-99A7-16B048C81B36}.Release|Any CPU.Build.0 = Release|Any CPU
		{49752FEB-E7A7-4733-99A7-16B048C81B36}.Release|Any CPU.Deploy.0 = Release|Any CPU
		{49752FEB-E7A7-4733-99A7-16B048C81B36}.Release|ARM.ActiveCfg = Release|Any CPU
		{49752FEB-E7A7-4733-99A7-16B048C81B36}.Release|ARM.Build.0 = Release|Any CPU
		{49752FEB-E7A7-4733-99A7-16B048C81B36}.Release|ARM.Deploy.0 = Release|Any CPU
		{49752FEB-E7A7-4733-99A7-16B048C81B36}.Release|iPhone.ActiveCfg = Release|Any CPU
		{49752FEB-E7A7-4733-99A7-16B048C81B36}.Release|iPhone.Build.0 = Release|Any CPU
		{49752FEB-E7A7-4733-99A7-16B048C81B36}.Release|iPhone.Deploy.0 = Release|Any CPU
		{49752FEB-E7A7-4733-99A7-16B048C81B36}.Release|iPhoneSimulator.ActiveCfg = Release|Any CPU
		{49752FEB-E7A7-4733-99A7-16B048C81B36}.Release|iPhoneSimulator.Build.0 = Release|Any CPU
		{49752FEB-E7A7-4733-99A7-16B048C81B36}.Release|iPhoneSimulator.Deploy.0 = Release|Any CPU
		{49752FEB-E7A7-4733-99A7-16B048C81B36}.Release|x64.ActiveCfg = Release|Any CPU
		{49752FEB-E7A7-4733-99A7-16B048C81B36}.Release|x64.Build.0 = Release|Any CPU
		{49752FEB-E7A7-4733-99A7-16B048C81B36}.Release|x64.Deploy.0 = Release|Any CPU
		{49752FEB-E7A7-4733-99A7-16B048C81B36}.Release|x86.ActiveCfg = Release|Any CPU
		{49752FEB-E7A7-4733-99A7-16B048C81B36}.Release|x86.Build.0 = Release|Any CPU
		{49752FEB-E7A7-4733-99A7-16B048C81B36}.Release|x86.Deploy.0 = Release|Any CPU
		{803A7022-A2D0-4749-96D4-728E4106878B}.Debug|Any CPU.ActiveCfg = Debug|iPhone
		{803A7022-A2D0-4749-96D4-728E4106878B}.Debug|Any CPU.Build.0 = Debug|iPhone
		{803A7022-A2D0-4749-96D4-728E4106878B}.Debug|Any CPU.Deploy.0 = Debug|iPhone
		{803A7022-A2D0-4749-96D4-728E4106878B}.Debug|ARM.ActiveCfg = Debug|iPhoneSimulator
		{803A7022-A2D0-4749-96D4-728E4106878B}.Debug|ARM.Build.0 = Debug|iPhoneSimulator
		{803A7022-A2D0-4749-96D4-728E4106878B}.Debug|ARM.Deploy.0 = Debug|iPhoneSimulator
		{803A7022-A2D0-4749-96D4-728E4106878B}.Debug|iPhone.ActiveCfg = Debug|iPhone
		{803A7022-A2D0-4749-96D4-728E4106878B}.Debug|iPhone.Build.0 = Debug|iPhone
		{803A7022-A2D0-4749-96D4-728E4106878B}.Debug|iPhone.Deploy.0 = Debug|iPhone
		{803A7022-A2D0-4749-96D4-728E4106878B}.Debug|iPhoneSimulator.ActiveCfg = Debug|iPhoneSimulator
		{803A7022-A2D0-4749-96D4-728E4106878B}.Debug|iPhoneSimulator.Build.0 = Debug|iPhoneSimulator
		{803A7022-A2D0-4749-96D4-728E4106878B}.Debug|iPhoneSimulator.Deploy.0 = Debug|iPhoneSimulator
		{803A7022-A2D0-4749-96D4-728E4106878B}.Debug|x64.ActiveCfg = Debug|iPhone
		{803A7022-A2D0-4749-96D4-728E4106878B}.Debug|x64.Build.0 = Debug|iPhone
		{803A7022-A2D0-4749-96D4-728E4106878B}.Debug|x64.Deploy.0 = Debug|iPhone
		{803A7022-A2D0-4749-96D4-728E4106878B}.Debug|x86.ActiveCfg = Debug|iPhone
		{803A7022-A2D0-4749-96D4-728E4106878B}.Debug|x86.Build.0 = Debug|iPhone
		{803A7022-A2D0-4749-96D4-728E4106878B}.Debug|x86.Deploy.0 = Debug|iPhone
		{803A7022-A2D0-4749-96D4-728E4106878B}.Release|Any CPU.ActiveCfg = Release|iPhone
		{803A7022-A2D0-4749-96D4-728E4106878B}.Release|Any CPU.Build.0 = Release|iPhone
		{803A7022-A2D0-4749-96D4-728E4106878B}.Release|Any CPU.Deploy.0 = Release|iPhone
		{803A7022-A2D0-4749-96D4-728E4106878B}.Release|ARM.ActiveCfg = Release|iPhone
		{803A7022-A2D0-4749-96D4-728E4106878B}.Release|ARM.Build.0 = Release|iPhone
		{803A7022-A2D0-4749-96D4-728E4106878B}.Release|ARM.Deploy.0 = Release|iPhone
		{803A7022-A2D0-4749-96D4-728E4106878B}.Release|iPhone.ActiveCfg = Release|iPhone
		{803A7022-A2D0-4749-96D4-728E4106878B}.Release|iPhone.Build.0 = Release|iPhone
		{803A7022-A2D0-4749-96D4-728E4106878B}.Release|iPhone.Deploy.0 = Release|iPhone
		{803A7022-A2D0-4749-96D4-728E4106878B}.Release|iPhoneSimulator.ActiveCfg = Release|iPhoneSimulator
		{803A7022-A2D0-4749-96D4-728E4106878B}.Release|iPhoneSimulator.Build.0 = Release|iPhoneSimulator
		{803A7022-A2D0-4749-96D4-728E4106878B}.Release|iPhoneSimulator.Deploy.0 = Release|iPhoneSimulator
		{803A7022-A2D0-4749-96D4-728E4106878B}.Release|x64.ActiveCfg = Release|iPhone
		{803A7022-A2D0-4749-96D4-728E4106878B}.Release|x64.Build.0 = Release|iPhone
		{803A7022-A2D0-4749-96D4-728E4106878B}.Release|x64.Deploy.0 = Release|iPhone
		{803A7022-A2D0-4749-96D4-728E4106878B}.Release|x86.ActiveCfg = Release|iPhone
		{803A7022-A2D0-4749-96D4-728E4106878B}.Release|x86.Build.0 = Release|iPhone
		{803A7022-A2D0-4749-96D4-728E4106878B}.Release|x86.Deploy.0 = Release|iPhone
		{F0BA1CAC-D55B-451A-9B57-D6DE276AFF82}.Debug|Any CPU.ActiveCfg = Debug|Any CPU
		{F0BA1CAC-D55B-451A-9B57-D6DE276AFF82}.Debug|Any CPU.Build.0 = Debug|Any CPU
		{F0BA1CAC-D55B-451A-9B57-D6DE276AFF82}.Debug|Any CPU.Deploy.0 = Debug|Any CPU
		{F0BA1CAC-D55B-451A-9B57-D6DE276AFF82}.Debug|ARM.ActiveCfg = Debug|Any CPU
		{F0BA1CAC-D55B-451A-9B57-D6DE276AFF82}.Debug|ARM.Build.0 = Debug|Any CPU
		{F0BA1CAC-D55B-451A-9B57-D6DE276AFF82}.Debug|ARM.Deploy.0 = Debug|Any CPU
		{F0BA1CAC-D55B-451A-9B57-D6DE276AFF82}.Debug|iPhone.ActiveCfg = Debug|Any CPU
		{F0BA1CAC-D55B-451A-9B57-D6DE276AFF82}.Debug|iPhone.Build.0 = Debug|Any CPU
		{F0BA1CAC-D55B-451A-9B57-D6DE276AFF82}.Debug|iPhone.Deploy.0 = Debug|Any CPU
		{F0BA1CAC-D55B-451A-9B57-D6DE276AFF82}.Debug|iPhoneSimulator.ActiveCfg = Debug|Any CPU
		{F0BA1CAC-D55B-451A-9B57-D6DE276AFF82}.Debug|iPhoneSimulator.Build.0 = Debug|Any CPU
		{F0BA1CAC-D55B-451A-9B57-D6DE276AFF82}.Debug|iPhoneSimulator.Deploy.0 = Debug|Any CPU
		{F0BA1CAC-D55B-451A-9B57-D6DE276AFF82}.Debug|x64.ActiveCfg = Debug|Any CPU
		{F0BA1CAC-D55B-451A-9B57-D6DE276AFF82}.Debug|x64.Build.0 = Debug|Any CPU
		{F0BA1CAC-D55B-451A-9B57-D6DE276AFF82}.Debug|x64.Deploy.0 = Debug|Any CPU
		{F0BA1CAC-D55B-451A-9B57-D6DE276AFF82}.Debug|x86.ActiveCfg = Debug|Any CPU
		{F0BA1CAC-D55B-451A-9B57-D6DE276AFF82}.Debug|x86.Build.0 = Debug|Any CPU
		{F0BA1CAC-D55B-451A-9B57-D6DE276AFF82}.Debug|x86.Deploy.0 = Debug|Any CPU
		{F0BA1CAC-D55B-451A-9B57-D6DE276AFF82}.Release|Any CPU.ActiveCfg = Release|Any CPU
		{F0BA1CAC-D55B-451A-9B57-D6DE276AFF82}.Release|Any CPU.Build.0 = Release|Any CPU
		{F0BA1CAC-D55B-451A-9B57-D6DE276AFF82}.Release|Any CPU.Deploy.0 = Release|Any CPU
		{F0BA1CAC-D55B-451A-9B57-D6DE276AFF82}.Release|ARM.ActiveCfg = Release|Any CPU
		{F0BA1CAC-D55B-451A-9B57-D6DE276AFF82}.Release|ARM.Build.0 = Release|Any CPU
		{F0BA1CAC-D55B-451A-9B57-D6DE276AFF82}.Release|ARM.Deploy.0 = Release|Any CPU
		{F0BA1CAC-D55B-451A-9B57-D6DE276AFF82}.Release|iPhone.ActiveCfg = Release|Any CPU
		{F0BA1CAC-D55B-451A-9B57-D6DE276AFF82}.Release|iPhone.Build.0 = Release|Any CPU
		{F0BA1CAC-D55B-451A-9B57-D6DE276AFF82}.Release|iPhone.Deploy.0 = Release|Any CPU
		{F0BA1CAC-D55B-451A-9B57-D6DE276AFF82}.Release|iPhoneSimulator.ActiveCfg = Release|Any CPU
		{F0BA1CAC-D55B-451A-9B57-D6DE276AFF82}.Release|iPhoneSimulator.Build.0 = Release|Any CPU
		{F0BA1CAC-D55B-451A-9B57-D6DE276AFF82}.Release|iPhoneSimulator.Deploy.0 = Release|Any CPU
		{F0BA1CAC-D55B-451A-9B57-D6DE276AFF82}.Release|x64.ActiveCfg = Release|Any CPU
		{F0BA1CAC-D55B-451A-9B57-D6DE276AFF82}.Release|x64.Build.0 = Release|Any CPU
		{F0BA1CAC-D55B-451A-9B57-D6DE276AFF82}.Release|x64.Deploy.0 = Release|Any CPU
		{F0BA1CAC-D55B-451A-9B57-D6DE276AFF82}.Release|x86.ActiveCfg = Release|Any CPU
		{F0BA1CAC-D55B-451A-9B57-D6DE276AFF82}.Release|x86.Build.0 = Release|Any CPU
		{F0BA1CAC-D55B-451A-9B57-D6DE276AFF82}.Release|x86.Deploy.0 = Release|Any CPU
	EndGlobalSection
	GlobalSection(SolutionProperties) = preSolution
		HideSolutionNode = FALSE
	EndGlobalSection
	GlobalSection(ExtensibilityGlobals) = postSolution
		SolutionGuid = {7FAE4817-9661-4B0F-857C-1251BA376094}
	EndGlobalSection
EndGlobal
